
Microsoft Visual Studio Solution File, Format Version 12.00
# Visual Studio Version 17
VisualStudioVersion = 17.6.33723.286
MinimumVisualStudioVersion = 10.0.40219.1
Project("{FAE04EC0-301F-11D3-BF4B-00C04F79EFBC}") = "Cryptage", "Cryptage.csproj", "{A1EE51C8-A034-42CF-844D-481B2F3B108D}"
EndProject
Global
	GlobalSection(SolutionConfigurationPlatforms) = preSolution
		Debug|Any CPU = Debug|Any CPU
		Release|Any CPU = Release|Any CPU
	EndGlobalSection
	GlobalSection(ProjectConfigurationPlatforms) = postSolution
		{A1EE51C8-A034-42CF-844D-481B2F3B108D}.Debug|Any CPU.ActiveCfg = Debug|Any CPU
		{A1EE51C8-A034-42CF-844D-481B2F3B108D}.Debug|Any CPU.Build.0 = Debug|Any CPU
		{A1EE51C8-A034-42CF-844D-481B2F3B108D}.Release|Any CPU.ActiveCfg = Release|Any CPU
		{A1EE51C8-A034-42CF-844D-481B2F3B108D}.Release|Any CPU.Build.0 = Release|Any CPU
	EndGlobalSection
	GlobalSection(SolutionProperties) = preSolution
		HideSolutionNode = FALSE
	EndGlobalSection
	GlobalSection(ExtensibilityGlobals) = postSolution
		SolutionGuid = {03A0E7FB-50D3-486F-823B-9AD0C35E05A7}
	EndGlobalSection
EndGlobal
